
Microsoft Visual Studio Solution File, Format Version 12.00
# Visual Studio Version 16
VisualStudioVersion = 16.0.30002.166
MinimumVisualStudioVersion = 10.0.40219.1
Project("{FAE04EC0-301F-11D3-BF4B-00C04F79EFBC}") = "testPictures", "testPictures\testPictures.csproj", "{B8DEBD17-80FF-4F2A-A050-D9E8EFC6A39A}"
EndProject
Global
	GlobalSection(SolutionConfigurationPlatforms) = preSolution
		Debug|Any CPU = Debug|Any CPU
		Release|Any CPU = Release|Any CPU
	EndGlobalSection
	GlobalSection(ProjectConfigurationPlatforms) = postSolution
		{B8DEBD17-80FF-4F2A-A050-D9E8EFC6A39A}.Debug|Any CPU.ActiveCfg = Debug|Any CPU
		{B8DEBD17-80FF-4F2A-A050-D9E8EFC6A39A}.Debug|Any CPU.Build.0 = Debug|Any CPU
		{B8DEBD17-80FF-4F2A-A050-D9E8EFC6A39A}.Release|Any CPU.ActiveCfg = Release|Any CPU
		{B8DEBD17-80FF-4F2A-A050-D9E8EFC6A39A}.Release|Any CPU.Build.0 = Release|Any CPU
	EndGlobalSection
	GlobalSection(SolutionProperties) = preSolution
		HideSolutionNode = FALSE
	EndGlobalSection
	GlobalSection(ExtensibilityGlobals) = postSolution
		SolutionGuid = {AC80AC24-6B67-4465-871D-177E8B518E8E}
	EndGlobalSection
EndGlobal
